
Microsoft Visual Studio Solution File, Format Version 12.00
# Visual Studio 15
VisualStudioVersion = 15.0.26730.12
MinimumVisualStudioVersion = 10.0.40219.1
Project("{8BC9CEB8-8B4A-11D0-8D11-00A0C91BC942}") = "AlgLab3", "AlgLab3\AlgLab3.vcxproj", "{F4917440-DA4E-4765-B798-23EF02B68C4F}"
EndProject
Global
	GlobalSection(SolutionConfigurationPlatforms) = preSolution
		Debug|x64 = Debug|x64
		Debug|x86 = Debug|x86
		Release|x64 = Release|x64
		Release|x86 = Release|x86
	EndGlobalSection
	GlobalSection(ProjectConfigurationPlatforms) = postSolution
		{F4917440-DA4E-4765-B798-23EF02B68C4F}.Debug|x64.ActiveCfg = Debug|x64
		{F4917440-DA4E-4765-B798-23EF02B68C4F}.Debug|x64.Build.0 = Debug|x64
		{F4917440-DA4E-4765-B798-23EF02B68C4F}.Debug|x86.ActiveCfg = Debug|Win32
		{F4917440-DA4E-4765-B798-23EF02B68C4F}.Debug|x86.Build.0 = Debug|Win32
		{F4917440-DA4E-4765-B798-23EF02B68C4F}.Release|x64.ActiveCfg = Release|x64
		{F4917440-DA4E-4765-B798-23EF02B68C4F}.Release|x64.Build.0 = Release|x64
		{F4917440-DA4E-4765-B798-23EF02B68C4F}.Release|x86.ActiveCfg = Release|Win32
		{F4917440-DA4E-4765-B798-23EF02B68C4F}.Release|x86.Build.0 = Release|Win32
	EndGlobalSection
	GlobalSection(SolutionProperties) = preSolution
		HideSolutionNode = FALSE
	EndGlobalSection
	GlobalSection(ExtensibilityGlobals) = postSolution
		SolutionGuid = {6AD3B528-6BC0-49FB-BE7C-84201955C0C5}
	EndGlobalSection
EndGlobal
